// !$*UTF8*$!
{
	archiveVersion = 1;
	classes = {
	};
	objectVersion = 50;
	objects = {

/* Begin PBXBuildFile section */
		5941F7D6BB9190DCB12445BA /* Pods_Pokedex.framework in Frameworks */ = {isa = PBXBuildFile; fileRef = 4E405B670311B2063433D05D /* Pods_Pokedex.framework */; };
		8423B6A0220D4ABB00793432 /* ListTableViewCell.swift in Sources */ = {isa = PBXBuildFile; fileRef = 8423B69F220D4ABB00793432 /* ListTableViewCell.swift */; };
		8423B6A2220D91DB00793432 /* PokemonDataModel.swift in Sources */ = {isa = PBXBuildFile; fileRef = 8423B6A1220D91DB00793432 /* PokemonDataModel.swift */; };
		8423B6C622114EDB00793432 /* Pokedex.xcdatamodeld in Sources */ = {isa = PBXBuildFile; fileRef = 8423B6C422114EDB00793432 /* Pokedex.xcdatamodeld */; };
		8423B6C822118AE800793432 /* DetailsViewController.swift in Sources */ = {isa = PBXBuildFile; fileRef = 8423B6C722118AE800793432 /* DetailsViewController.swift */; };
		8423B6CA22129C3E00793432 /* PokemonTypeLabel.swift in Sources */ = {isa = PBXBuildFile; fileRef = 8423B6C922129C3E00793432 /* PokemonTypeLabel.swift */; };
		8423B6CD2212AC8600793432 /* PokemonListCURD.swift in Sources */ = {isa = PBXBuildFile; fileRef = 8423B6CC2212AC8600793432 /* PokemonListCURD.swift */; };
		8423B6CF2212CE9D00793432 /* PokemonDetailsCURD.swift in Sources */ = {isa = PBXBuildFile; fileRef = 8423B6CE2212CE9D00793432 /* PokemonDetailsCURD.swift */; };
		849219BC220C3242000058C0 /* AppDelegate.swift in Sources */ = {isa = PBXBuildFile; fileRef = 849219BB220C3242000058C0 /* AppDelegate.swift */; };
		849219BE220C3242000058C0 /* ViewController.swift in Sources */ = {isa = PBXBuildFile; fileRef = 849219BD220C3242000058C0 /* ViewController.swift */; };
		849219C1220C3242000058C0 /* Main.storyboard in Resources */ = {isa = PBXBuildFile; fileRef = 849219BF220C3242000058C0 /* Main.storyboard */; };
		849219C3220C3248000058C0 /* Assets.xcassets in Resources */ = {isa = PBXBuildFile; fileRef = 849219C2220C3248000058C0 /* Assets.xcassets */; };
		849219C6220C3248000058C0 /* LaunchScreen.storyboard in Resources */ = {isa = PBXBuildFile; fileRef = 849219C4220C3248000058C0 /* LaunchScreen.storyboard */; };
		849219CE220C5610000058C0 /* UINavigationBarExtension.swift in Sources */ = {isa = PBXBuildFile; fileRef = 849219CD220C5610000058C0 /* UINavigationBarExtension.swift */; };
/* End PBXBuildFile section */

/* Begin PBXFileReference section */
		4E405B670311B2063433D05D /* Pods_Pokedex.framework */ = {isa = PBXFileReference; explicitFileType = wrapper.framework; includeInIndex = 0; path = Pods_Pokedex.framework; sourceTree = BUILT_PRODUCTS_DIR; };
		5B929EC6FF7752C85871BEAA /* Pods-Pokedex.release.xcconfig */ = {isa = PBXFileReference; includeInIndex = 1; lastKnownFileType = text.xcconfig; name = "Pods-Pokedex.release.xcconfig"; path = "Pods/Target Support Files/Pods-Pokedex/Pods-Pokedex.release.xcconfig"; sourceTree = "<group>"; };
		8423B69F220D4ABB00793432 /* ListTableViewCell.swift */ = {isa = PBXFileReference; lastKnownFileType = sourcecode.swift; path = ListTableViewCell.swift; sourceTree = "<group>"; };
		8423B6A1220D91DB00793432 /* PokemonDataModel.swift */ = {isa = PBXFileReference; lastKnownFileType = sourcecode.swift; path = PokemonDataModel.swift; sourceTree = "<group>"; };
		8423B6C522114EDB00793432 /* Pokedex.xcdatamodel */ = {isa = PBXFileReference; lastKnownFileType = wrapper.xcdatamodel; path = Pokedex.xcdatamodel; sourceTree = "<group>"; };
		8423B6C722118AE800793432 /* DetailsViewController.swift */ = {isa = PBXFileReference; lastKnownFileType = sourcecode.swift; path = DetailsViewController.swift; sourceTree = "<group>"; };
		8423B6C922129C3E00793432 /* PokemonTypeLabel.swift */ = {isa = PBXFileReference; lastKnownFileType = sourcecode.swift; path = PokemonTypeLabel.swift; sourceTree = "<group>"; };
		8423B6CC2212AC8600793432 /* PokemonListCURD.swift */ = {isa = PBXFileReference; lastKnownFileType = sourcecode.swift; path = PokemonListCURD.swift; sourceTree = "<group>"; };
		8423B6CE2212CE9D00793432 /* PokemonDetailsCURD.swift */ = {isa = PBXFileReference; lastKnownFileType = sourcecode.swift; path = PokemonDetailsCURD.swift; sourceTree = "<group>"; };
		849219B8220C3242000058C0 /* Pokedex.app */ = {isa = PBXFileReference; explicitFileType = wrapper.application; includeInIndex = 0; path = Pokedex.app; sourceTree = BUILT_PRODUCTS_DIR; };
		849219BB220C3242000058C0 /* AppDelegate.swift */ = {isa = PBXFileReference; lastKnownFileType = sourcecode.swift; path = AppDelegate.swift; sourceTree = "<group>"; };
		849219BD220C3242000058C0 /* ViewController.swift */ = {isa = PBXFileReference; lastKnownFileType = sourcecode.swift; path = ViewController.swift; sourceTree = "<group>"; };
		849219C0220C3242000058C0 /* Base */ = {isa = PBXFileReference; lastKnownFileType = file.storyboard; name = Base; path = Base.lproj/Main.storyboard; sourceTree = "<group>"; };
		849219C2220C3248000058C0 /* Assets.xcassets */ = {isa = PBXFileReference; lastKnownFileType = folder.assetcatalog; path = Assets.xcassets; sourceTree = "<group>"; };
		849219C5220C3248000058C0 /* Base */ = {isa = PBXFileReference; lastKnownFileType = file.storyboard; name = Base; path = Base.lproj/LaunchScreen.storyboard; sourceTree = "<group>"; };
		849219C7220C3248000058C0 /* Info.plist */ = {isa = PBXFileReference; lastKnownFileType = text.plist.xml; path = Info.plist; sourceTree = "<group>"; };
		849219CD220C5610000058C0 /* UINavigationBarExtension.swift */ = {isa = PBXFileReference; fileEncoding = 4; lastKnownFileType = sourcecode.swift; path = UINavigationBarExtension.swift; sourceTree = "<group>"; };
		B3C422F3F804C5AA78739798 /* Pods-Pokedex.debug.xcconfig */ = {isa = PBXFileReference; includeInIndex = 1; lastKnownFileType = text.xcconfig; name = "Pods-Pokedex.debug.xcconfig"; path = "Pods/Target Support Files/Pods-Pokedex/Pods-Pokedex.debug.xcconfig"; sourceTree = "<group>"; };
/* End PBXFileReference section */

/* Begin PBXFrameworksBuildPhase section */
		849219B5220C3242000058C0 /* Frameworks */ = {
			isa = PBXFrameworksBuildPhase;
			buildActionMask = 2147483647;
			files = (
				5941F7D6BB9190DCB12445BA /* Pods_Pokedex.framework in Frameworks */,
			);
			runOnlyForDeploymentPostprocessing = 0;
		};
/* End PBXFrameworksBuildPhase section */

/* Begin PBXGroup section */
		1F852C5F1C81F6A2BD3BBAB6 /* Pods */ = {
			isa = PBXGroup;
			children = (
				B3C422F3F804C5AA78739798 /* Pods-Pokedex.debug.xcconfig */,
				5B929EC6FF7752C85871BEAA /* Pods-Pokedex.release.xcconfig */,
			);
			name = Pods;
			sourceTree = "<group>";
		};
		4DB89F2D12AE6CEC1366006C /* Frameworks */ = {
			isa = PBXGroup;
			children = (
				4E405B670311B2063433D05D /* Pods_Pokedex.framework */,
			);
			name = Frameworks;
			sourceTree = "<group>";
		};
		8423B69C220D492600793432 /* View */ = {
			isa = PBXGroup;
			children = (
				8423B69F220D4ABB00793432 /* ListTableViewCell.swift */,
				8423B6C922129C3E00793432 /* PokemonTypeLabel.swift */,
			);
			path = View;
			sourceTree = "<group>";
		};
		8423B69D220D492D00793432 /* Controller */ = {
			isa = PBXGroup;
			children = (
				849219BD220C3242000058C0 /* ViewController.swift */,
				8423B6C722118AE800793432 /* DetailsViewController.swift */,
			);
			path = Controller;
			sourceTree = "<group>";
		};
		8423B69E220D493C00793432 /* Model */ = {
			isa = PBXGroup;
			children = (
				8423B6CB2212AC2900793432 /* CoreDataFunc */,
				8423B6A1220D91DB00793432 /* PokemonDataModel.swift */,
			);
			path = Model;
			sourceTree = "<group>";
		};
		8423B6CB2212AC2900793432 /* CoreDataFunc */ = {
			isa = PBXGroup;
			children = (
				8423B6CC2212AC8600793432 /* PokemonListCURD.swift */,
				8423B6CE2212CE9D00793432 /* PokemonDetailsCURD.swift */,
			);
			path = CoreDataFunc;
			sourceTree = "<group>";
		};
		849219AF220C3242000058C0 = {
			isa = PBXGroup;
			children = (
				849219BA220C3242000058C0 /* Pokedex */,
				849219B9220C3242000058C0 /* Products */,
				1F852C5F1C81F6A2BD3BBAB6 /* Pods */,
				4DB89F2D12AE6CEC1366006C /* Frameworks */,
			);
			sourceTree = "<group>";
		};
		849219B9220C3242000058C0 /* Products */ = {
			isa = PBXGroup;
			children = (
				849219B8220C3242000058C0 /* Pokedex.app */,
			);
			name = Products;
			sourceTree = "<group>";
		};
		849219BA220C3242000058C0 /* Pokedex */ = {
			isa = PBXGroup;
			children = (
				8423B69E220D493C00793432 /* Model */,
				8423B69D220D492D00793432 /* Controller */,
				8423B69C220D492600793432 /* View */,
				849219CD220C5610000058C0 /* UINavigationBarExtension.swift */,
				849219BB220C3242000058C0 /* AppDelegate.swift */,
				849219BF220C3242000058C0 /* Main.storyboard */,
				849219C2220C3248000058C0 /* Assets.xcassets */,
				849219C4220C3248000058C0 /* LaunchScreen.storyboard */,
				849219C7220C3248000058C0 /* Info.plist */,
				8423B6C422114EDB00793432 /* Pokedex.xcdatamodeld */,
			);
			path = Pokedex;
			sourceTree = "<group>";
		};
/* End PBXGroup section */

/* Begin PBXNativeTarget section */
		849219B7220C3242000058C0 /* Pokedex */ = {
			isa = PBXNativeTarget;
			buildConfigurationList = 849219CA220C3248000058C0 /* Build configuration list for PBXNativeTarget "Pokedex" */;
			buildPhases = (
				AA5A3AD77407AE0AB85947EE /* [CP] Check Pods Manifest.lock */,
				849219B4220C3242000058C0 /* Sources */,
				849219B5220C3242000058C0 /* Frameworks */,
				849219B6220C3242000058C0 /* Resources */,
				36E619B5A45462C2C0BBEE6E /* [CP] Embed Pods Frameworks */,
			);
			buildRules = (
			);
			dependencies = (
			);
			name = Pokedex;
			productName = Pokedex;
			productReference = 849219B8220C3242000058C0 /* Pokedex.app */;
			productType = "com.apple.product-type.application";
		};
/* End PBXNativeTarget section */

/* Begin PBXProject section */
		849219B0220C3242000058C0 /* Project object */ = {
			isa = PBXProject;
			attributes = {
				LastSwiftUpdateCheck = 1010;
				LastUpgradeCheck = 1010;
				ORGANIZATIONNAME = "Zerone Consulting";
				TargetAttributes = {
					849219B7220C3242000058C0 = {
						CreatedOnToolsVersion = 10.1;
					};
				};
			};
			buildConfigurationList = 849219B3220C3242000058C0 /* Build configuration list for PBXProject "Pokedex" */;
			compatibilityVersion = "Xcode 9.3";
			developmentRegion = en;
			hasScannedForEncodings = 0;
			knownRegions = (
				en,
				Base,
			);
			mainGroup = 849219AF220C3242000058C0;
			productRefGroup = 849219B9220C3242000058C0 /* Products */;
			projectDirPath = "";
			projectRoot = "";
			targets = (
				849219B7220C3242000058C0 /* Pokedex */,
			);
		};
/* End PBXProject section */

/* Begin PBXResourcesBuildPhase section */
		849219B6220C3242000058C0 /* Resources */ = {
			isa = PBXResourcesBuildPhase;
			buildActionMask = 2147483647;
			files = (
				849219C6220C3248000058C0 /* LaunchScreen.storyboard in Resources */,
				849219C3220C3248000058C0 /* Assets.xcassets in Resources */,
				849219C1220C3242000058C0 /* Main.storyboard in Resources */,
			);
			runOnlyForDeploymentPostprocessing = 0;
		};
/* End PBXResourcesBuildPhase section */

/* Begin PBXShellScriptBuildPhase section */
		36E619B5A45462C2C0BBEE6E /* [CP] Embed Pods Frameworks */ = {
			isa = PBXShellScriptBuildPhase;
			buildActionMask = 2147483647;
			files = (
			);
			inputPaths = (
				"${SRCROOT}/Pods/Target Support Files/Pods-Pokedex/Pods-Pokedex-frameworks.sh",
				"${BUILT_PRODUCTS_DIR}/Alamofire/Alamofire.framework",
				"${BUILT_PRODUCTS_DIR}/MapleBacon/MapleBacon.framework",
				"${BUILT_PRODUCTS_DIR}/Neon/Neon.framework",
				"${BUILT_PRODUCTS_DIR}/ReachabilitySwift/Reachability.framework",
				"${BUILT_PRODUCTS_DIR}/Skeleton/Skeleton.framework",
				"${BUILT_PRODUCTS_DIR}/SwiftyJSON/SwiftyJSON.framework",
			);
			name = "[CP] Embed Pods Frameworks";
			outputPaths = (
				"${TARGET_BUILD_DIR}/${FRAMEWORKS_FOLDER_PATH}/Alamofire.framework",
				"${TARGET_BUILD_DIR}/${FRAMEWORKS_FOLDER_PATH}/MapleBacon.framework",
				"${TARGET_BUILD_DIR}/${FRAMEWORKS_FOLDER_PATH}/Neon.framework",
				"${TARGET_BUILD_DIR}/${FRAMEWORKS_FOLDER_PATH}/Reachability.framework",
				"${TARGET_BUILD_DIR}/${FRAMEWORKS_FOLDER_PATH}/Skeleton.framework",
				"${TARGET_BUILD_DIR}/${FRAMEWORKS_FOLDER_PATH}/SwiftyJSON.framework",
			);
			runOnlyForDeploymentPostprocessing = 0;
			shellPath = /bin/sh;
			shellScript = "\"${SRCROOT}/Pods/Target Support Files/Pods-Pokedex/Pods-Pokedex-frameworks.sh\"\n";
			showEnvVarsInLog = 0;
		};
		AA5A3AD77407AE0AB85947EE /* [CP] Check Pods Manifest.lock */ = {
			isa = PBXShellScriptBuildPhase;
			buildActionMask = 2147483647;
			files = (
			);
			inputPaths = (
				"${PODS_PODFILE_DIR_PATH}/Podfile.lock",
				"${PODS_ROOT}/Manifest.lock",
			);
			name = "[CP] Check Pods Manifest.lock";
			outputPaths = (
				"$(DERIVED_FILE_DIR)/Pods-Pokedex-checkManifestLockResult.txt",
			);
			runOnlyForDeploymentPostprocessing = 0;
			shellPath = /bin/sh;
			shellScript = "diff \"${PODS_PODFILE_DIR_PATH}/Podfile.lock\" \"${PODS_ROOT}/Manifest.lock\" > /dev/null\nif [ $? != 0 ] ; then\n    # print error to STDERR\n    echo \"error: The sandbox is not in sync with the Podfile.lock. Run 'pod install' or update your CocoaPods installation.\" >&2\n    exit 1\nfi\n# This output is used by Xcode 'outputs' to avoid re-running this script phase.\necho \"SUCCESS\" > \"${SCRIPT_OUTPUT_FILE_0}\"\n";
			showEnvVarsInLog = 0;
		};
/* End PBXShellScriptBuildPhase section */

/* Begin PBXSourcesBuildPhase section */
		849219B4220C3242000058C0 /* Sources */ = {
			isa = PBXSourcesBuildPhase;
			buildActionMask = 2147483647;
			files = (
				8423B6CF2212CE9D00793432 /* PokemonDetailsCURD.swift in Sources */,
				849219CE220C5610000058C0 /* UINavigationBarExtension.swift in Sources */,
				8423B6A2220D91DB00793432 /* PokemonDataModel.swift in Sources */,
				8423B6CD2212AC8600793432 /* PokemonListCURD.swift in Sources */,
				8423B6A0220D4ABB00793432 /* ListTableViewCell.swift in Sources */,
				849219BE220C3242000058C0 /* ViewController.swift in Sources */,
				8423B6CA22129C3E00793432 /* PokemonTypeLabel.swift in Sources */,
				8423B6C822118AE800793432 /* DetailsViewController.swift in Sources */,
				8423B6C622114EDB00793432 /* Pokedex.xcdatamodeld in Sources */,
				849219BC220C3242000058C0 /* AppDelegate.swift in Sources */,
			);
			runOnlyForDeploymentPostprocessing = 0;
		};
/* End PBXSourcesBuildPhase section */

/* Begin PBXVariantGroup section */
		849219BF220C3242000058C0 /* Main.storyboard */ = {
			isa = PBXVariantGroup;
			children = (
				849219C0220C3242000058C0 /* Base */,
			);
			name = Main.storyboard;
			sourceTree = "<group>";
		};
		849219C4220C3248000058C0 /* LaunchScreen.storyboard */ = {
			isa = PBXVariantGroup;
			children = (
				849219C5220C3248000058C0 /* Base */,
			);
			name = LaunchScreen.storyboard;
			sourceTree = "<group>";
		};
/* End PBXVariantGroup section */

/* Begin XCBuildConfiguration section */
		849219C8220C3248000058C0 /* Debug */ = {
			isa = XCBuildConfiguration;
			buildSettings = {
				ALWAYS_SEARCH_USER_PATHS = NO;
				CLANG_ANALYZER_NONNULL = YES;
				CLANG_ANALYZER_NUMBER_OBJECT_CONVERSION = YES_AGGRESSIVE;
				CLANG_CXX_LANGUAGE_STANDARD = "gnu++14";
				CLANG_CXX_LIBRARY = "libc++";
				CLANG_ENABLE_MODULES = YES;
				CLANG_ENABLE_OBJC_ARC = YES;
				CLANG_ENABLE_OBJC_WEAK = YES;
				CLANG_WARN_BLOCK_CAPTURE_AUTORELEASING = YES;
				CLANG_WARN_BOOL_CONVERSION = YES;
				CLANG_WARN_COMMA = YES;
				CLANG_WARN_CONSTANT_CONVERSION = YES;
				CLANG_WARN_DEPRECATED_OBJC_IMPLEMENTATIONS = YES;
				CLANG_WARN_DIRECT_OBJC_ISA_USAGE = YES_ERROR;
				CLANG_WARN_DOCUMENTATION_COMMENTS = YES;
				CLANG_WARN_EMPTY_BODY = YES;
				CLANG_WARN_ENUM_CONVERSION = YES;
				CLANG_WARN_INFINITE_RECURSION = YES;
				CLANG_WARN_INT_CONVERSION = YES;
				CLANG_WARN_NON_LITERAL_NULL_CONVERSION = YES;
				CLANG_WARN_OBJC_IMPLICIT_RETAIN_SELF = YES;
				CLANG_WARN_OBJC_LITERAL_CONVERSION = YES;
				CLANG_WARN_OBJC_ROOT_CLASS = YES_ERROR;
				CLANG_WARN_RANGE_LOOP_ANALYSIS = YES;
				CLANG_WARN_STRICT_PROTOTYPES = YES;
				CLANG_WARN_SUSPICIOUS_MOVE = YES;
				CLANG_WARN_UNGUARDED_AVAILABILITY = YES_AGGRESSIVE;
				CLANG_WARN_UNREACHABLE_CODE = YES;
				CLANG_WARN__DUPLICATE_METHOD_MATCH = YES;
				CODE_SIGN_IDENTITY = "iPhone Developer";
				COPY_PHASE_STRIP = NO;
				DEBUG_INFORMATION_FORMAT = dwarf;
				ENABLE_STRICT_OBJC_MSGSEND = YES;
				ENABLE_TESTABILITY = YES;
				GCC_C_LANGUAGE_STANDARD = gnu11;
				GCC_DYNAMIC_NO_PIC = NO;
				GCC_NO_COMMON_BLOCKS = YES;
				GCC_OPTIMIZATION_LEVEL = 0;
				GCC_PREPROCESSOR_DEFINITIONS = (
					"DEBUG=1",
					"$(inherited)",
				);
				GCC_WARN_64_TO_32_BIT_CONVERSION = YES;
				GCC_WARN_ABOUT_RETURN_TYPE = YES_ERROR;
				GCC_WARN_UNDECLARED_SELECTOR = YES;
				GCC_WARN_UNINITIALIZED_AUTOS = YES_AGGRESSIVE;
				GCC_WARN_UNUSED_FUNCTION = YES;
				GCC_WARN_UNUSED_VARIABLE = YES;
				IPHONEOS_DEPLOYMENT_TARGET = 12.1;
				MTL_ENABLE_DEBUG_INFO = INCLUDE_SOURCE;
				MTL_FAST_MATH = YES;
				ONLY_ACTIVE_ARCH = YES;
				SDKROOT = iphoneos;
				SWIFT_ACTIVE_COMPILATION_CONDITIONS = DEBUG;
				SWIFT_OPTIMIZATION_LEVEL = "-Onone";
			};
			name = Debug;
		};
		849219C9220C3248000058C0 /* Release */ = {
			isa = XCBuildConfiguration;
			buildSettings = {
				ALWAYS_SEARCH_USER_PATHS = NO;
				CLANG_ANALYZER_NONNULL = YES;
				CLANG_ANALYZER_NUMBER_OBJECT_CONVERSION = YES_AGGRESSIVE;
				CLANG_CXX_LANGUAGE_STANDARD = "gnu++14";
				CLANG_CXX_LIBRARY = "libc++";
				CLANG_ENABLE_MODULES = YES;
				CLANG_ENABLE_OBJC_ARC = YES;
				CLANG_ENABLE_OBJC_WEAK = YES;
				CLANG_WARN_BLOCK_CAPTURE_AUTORELEASING = YES;
				CLANG_WARN_BOOL_CONVERSION = YES;
				CLANG_WARN_COMMA = YES;
				CLANG_WARN_CONSTANT_CONVERSION = YES;
				CLANG_WARN_DEPRECATED_OBJC_IMPLEMENTATIONS = YES;
				CLANG_WARN_DIRECT_OBJC_ISA_USAGE = YES_ERROR;
				CLANG_WARN_DOCUMENTATION_COMMENTS = YES;
				CLANG_WARN_EMPTY_BODY = YES;
				CLANG_WARN_ENUM_CONVERSION = YES;
				CLANG_WARN_INFINITE_RECURSION = YES;
				CLANG_WARN_INT_CONVERSION = YES;
				CLANG_WARN_NON_LITERAL_NULL_CONVERSION = YES;
				CLANG_WARN_OBJC_IMPLICIT_RETAIN_SELF = YES;
				CLANG_WARN_OBJC_LITERAL_CONVERSION = YES;
				CLANG_WARN_OBJC_ROOT_CLASS = YES_ERROR;
				CLANG_WARN_RANGE_LOOP_ANALYSIS = YES;
				CLANG_WARN_STRICT_PROTOTYPES = YES;
				CLANG_WARN_SUSPICIOUS_MOVE = YES;
				CLANG_WARN_UNGUARDED_AVAILABILITY = YES_AGGRESSIVE;
				CLANG_WARN_UNREACHABLE_CODE = YES;
				CLANG_WARN__DUPLICATE_METHOD_MATCH = YES;
				CODE_SIGN_IDENTITY = "iPhone Developer";
				COPY_PHASE_STRIP = NO;
				DEBUG_INFORMATION_FORMAT = "dwarf-with-dsym";
				ENABLE_NS_ASSERTIONS = NO;
				ENABLE_STRICT_OBJC_MSGSEND = YES;
				GCC_C_LANGUAGE_STANDARD = gnu11;
				GCC_NO_COMMON_BLOCKS = YES;
				GCC_WARN_64_TO_32_BIT_CONVERSION = YES;
				GCC_WARN_ABOUT_RETURN_TYPE = YES_ERROR;
				GCC_WARN_UNDECLARED_SELECTOR = YES;
				GCC_WARN_UNINITIALIZED_AUTOS = YES_AGGRESSIVE;
				GCC_WARN_UNUSED_FUNCTION = YES;
				GCC_WARN_UNUSED_VARIABLE = YES;
				IPHONEOS_DEPLOYMENT_TARGET = 12.1;
				MTL_ENABLE_DEBUG_INFO = NO;
				MTL_FAST_MATH = YES;
				SDKROOT = iphoneos;
				SWIFT_COMPILATION_MODE = wholemodule;
				SWIFT_OPTIMIZATION_LEVEL = "-O";
				VALIDATE_PRODUCT = YES;
			};
			name = Release;
		};
		849219CB220C3248000058C0 /* Debug */ = {
			isa = XCBuildConfiguration;
			baseConfigurationReference = B3C422F3F804C5AA78739798 /* Pods-Pokedex.debug.xcconfig */;
			buildSettings = {
				ASSETCATALOG_COMPILER_APPICON_NAME = AppIcon;
				CODE_SIGN_STYLE = Automatic;
				DEVELOPMENT_TEAM = S9GSUR5LJ2;
				INFOPLIST_FILE = Pokedex/Info.plist;
				LD_RUNPATH_SEARCH_PATHS = (
					"$(inherited)",
					"@executable_path/Frameworks",
				);
				PRODUCT_BUNDLE_IDENTIFIER = com.zeroneconsulting.Pokedex;
				PRODUCT_NAME = "$(TARGET_NAME)";
				SWIFT_VERSION = 4.2;
				TARGETED_DEVICE_FAMILY = "1,2";
			};
			name = Debug;
		};
		849219CC220C3248000058C0 /* Release */ = {
			isa = XCBuildConfiguration;
			baseConfigurationReference = 5B929EC6FF7752C85871BEAA /* Pods-Pokedex.release.xcconfig */;
			buildSettings = {
				ASSETCATALOG_COMPILER_APPICON_NAME = AppIcon;
				CODE_SIGN_STYLE = Automatic;
				DEVELOPMENT_TEAM = S9GSUR5LJ2;
				INFOPLIST_FILE = Pokedex/Info.plist;
				LD_RUNPATH_SEARCH_PATHS = (
					"$(inherited)",
					"@executable_path/Frameworks",
				);
				PRODUCT_BUNDLE_IDENTIFIER = com.zeroneconsulting.Pokedex;
				PRODUCT_NAME = "$(TARGET_NAME)";
				SWIFT_VERSION = 4.2;
				TARGETED_DEVICE_FAMILY = "1,2";
			};
			name = Release;
		};
/* End XCBuildConfiguration section */

/* Begin XCConfigurationList section */
		849219B3220C3242000058C0 /* Build configuration list for PBXProject "Pokedex" */ = {
			isa = XCConfigurationList;
			buildConfigurations = (
				849219C8220C3248000058C0 /* Debug */,
				849219C9220C3248000058C0 /* Release */,
			);
			defaultConfigurationIsVisible = 0;
			defaultConfigurationName = Release;
		};
		849219CA220C3248000058C0 /* Build configuration list for PBXNativeTarget "Pokedex" */ = {
			isa = XCConfigurationList;
			buildConfigurations = (
				849219CB220C3248000058C0 /* Debug */,
				849219CC220C3248000058C0 /* Release */,
			);
			defaultConfigurationIsVisible = 0;
			defaultConfigurationName = Release;
		};
/* End XCConfigurationList section */

/* Begin XCVersionGroup section */
		8423B6C422114EDB00793432 /* Pokedex.xcdatamodeld */ = {
			isa = XCVersionGroup;
			children = (
				8423B6C522114EDB00793432 /* Pokedex.xcdatamodel */,
			);
			currentVersion = 8423B6C522114EDB00793432 /* Pokedex.xcdatamodel */;
			path = Pokedex.xcdatamodeld;
			sourceTree = "<group>";
			versionGroupType = wrapper.xcdatamodel;
		};
/* End XCVersionGroup section */
	};
	rootObject = 849219B0220C3242000058C0 /* Project object */;
}
